Microsoft Visual Studio Solution File, Format Version 12.00
# Visual Studio 2012
Project("{FAE04EC0-301F-11D3-BF4B-00C04F79EFBC}") = "Scheduler.PopupMenuShowing", "Scheduler.PopupMenuShowing\Scheduler.PopupMenuShowing.csproj", "{2BEF6BF0-44A9-4AF2-A1FB-D5E160093ACE}"
EndProject
Global
	GlobalSection(SolutionConfigurationPlatforms) = preSolution
		Debug|Any CPU = Debug|Any CPU
		Release|Any CPU = Release|Any CPU
	EndGlobalSection
	GlobalSection(ProjectConfigurationPlatforms) = postSolution
		{2BEF6BF0-44A9-4AF2-A1FB-D5E160093ACE}.Debug|Any CPU.ActiveCfg = Debug|Any CPU
		{2BEF6BF0-44A9-4AF2-A1FB-D5E160093ACE}.Debug|Any CPU.Build.0 = Debug|Any CPU
		{2BEF6BF0-44A9-4AF2-A1FB-D5E160093ACE}.Release|Any CPU.ActiveCfg = Release|Any CPU
		{2BEF6BF0-44A9-4AF2-A1FB-D5E160093ACE}.Release|Any CPU.Build.0 = Release|Any CPU
	EndGlobalSection
	GlobalSection(SolutionProperties) = preSolution
		HideSolutionNode = FALSE
	EndGlobalSection
EndGlobal
